
Microsoft Visual Studio Solution File, Format Version 12.00
# Visual Studio Version 17
VisualStudioVersion = 17.4.33213.308
MinimumVisualStudioVersion = 10.0.40219.1
Project("{FAE04EC0-301F-11D3-BF4B-00C04F79EFBC}") = "YardStompers", "YardStompers\YardStompers.csproj", "{315E483F-8F96-484F-9896-5AD78F36207C}"
EndProject
Global
	GlobalSection(SolutionConfigurationPlatforms) = preSolution
		Debug|Any CPU = Debug|Any CPU
		Release|Any CPU = Release|Any CPU
	EndGlobalSection
	GlobalSection(ProjectConfigurationPlatforms) = postSolution
		{315E483F-8F96-484F-9896-5AD78F36207C}.Debug|Any CPU.ActiveCfg = Debug|Any CPU
		{315E483F-8F96-484F-9896-5AD78F36207C}.Debug|Any CPU.Build.0 = Debug|Any CPU
		{315E483F-8F96-484F-9896-5AD78F36207C}.Release|Any CPU.ActiveCfg = Release|Any CPU
		{315E483F-8F96-484F-9896-5AD78F36207C}.Release|Any CPU.Build.0 = Release|Any CPU
	EndGlobalSection
	GlobalSection(SolutionProperties) = preSolution
		HideSolutionNode = FALSE
	EndGlobalSection
	GlobalSection(ExtensibilityGlobals) = postSolution
		SolutionGuid = {D407E464-CDF4-431B-8124-3B844F5F4409}
	EndGlobalSection
EndGlobal
